{
  "version": "v1",
  "packages": {
    "@ks-console/appstore": {
      "signature": "265990841aba5d7fe7da87c45ccf3025",
      "file": true
    },
    "@ks-console/bootstrap": {
      "signature": "037f623072508f84c6615d31fd0deebe",
      "file": true,
      "replaced": "^0.0.5"
    },
    "@ks-console/console": {
      "signature": "a070f8dda23336f0f859e9acd45c6fd3",
      "file": true
    },
    "@ks-console/core": {
      "signature": "39c569d5fa3ce98164616ed25b127e8d",
      "file": true
    },
    "@ks-console/shared": {
      "signature": "6a51de7a101d000a1523c3c45b530847",
      "file": true,
      "replaced": "0.0.4"
    }
  }
}